
Microsoft Visual Studio Solution File, Format Version 12.00
# Visual Studio Version 16
VisualStudioVersion = 16.0.31112.23
MinimumVisualStudioVersion = 10.0.40219.1
Project("{FAE04EC0-301F-11D3-BF4B-00C04F79EFBC}") = "database_of_customers", "database_of_customers\database_of_customers.csproj", "{411582E7-1932-4C50-A996-D0C82CA164EF}"
EndProject
Global
	GlobalSection(SolutionConfigurationPlatforms) = preSolution
		Debug|Any CPU = Debug|Any CPU
		Release|Any CPU = Release|Any CPU
	EndGlobalSection
	GlobalSection(ProjectConfigurationPlatforms) = postSolution
		{411582E7-1932-4C50-A996-D0C82CA164EF}.Debug|Any CPU.ActiveCfg = Debug|Any CPU
		{411582E7-1932-4C50-A996-D0C82CA164EF}.Debug|Any CPU.Build.0 = Debug|Any CPU
		{411582E7-1932-4C50-A996-D0C82CA164EF}.Release|Any CPU.ActiveCfg = Release|Any CPU
		{411582E7-1932-4C50-A996-D0C82CA164EF}.Release|Any CPU.Build.0 = Release|Any CPU
	EndGlobalSection
	GlobalSection(SolutionProperties) = preSolution
		HideSolutionNode = FALSE
	EndGlobalSection
	GlobalSection(ExtensibilityGlobals) = postSolution
		SolutionGuid = {04D97BB0-7C7B-438E-8F92-D4CC64D08D4E}
	EndGlobalSection
EndGlobal
